github.com/Cepave/ops-common v0.0.0-20150429014758-bc7d5230ab7b h1:suWeiZi8sHk6CMgIQD7Xfk18zZ6gxjzzi6ZPZ9c545E=
github.com/Cepave/ops-common v0.0.0-20150429014758-bc7d5230ab7b/go.mod h1:lQwwQte5ml8uowzdTbc2fsl7WGKLXZILam0v6ybcJqo=
github.com/Cepave/ops-updater v0.0.0-20160518140844-7a8367697616 h1:T+6/LXkeHee1a4q1oGrt9FrGextVAg4VOEAkfJUZ5EA=
github.com/Cepave/ops-updater v0.0.0-20160518140844-7a8367697616/go.mod h1:3OaLd18gJsUIs17U2+pRlt3PhXXm0VgQsPjNQqWGgyA=
github.com/kardianos/osext v0.0.0-20190222173326-2bc1f35cddc0 h1:iQTw/8FWTuc7uiaSepXwyf3o52HaUYcV+Tu66S3F5GA=
github.com/kardianos/osext v0.0.0-20190222173326-2bc1f35cddc0/go.mod h1:1NbS8ALrpOvjt0rHPNLyCIeMtbizbir8U//inJ+zuB8=
github.com/toolkits/file v0.0.0-20160325033739-a5b3c5147e07 h1:d/VUIMNTk65Xz69htmRPNfjypq2uNRqVsymcXQu6kKk=
github.com/toolkits/file v0.0.0-20160325033739-a5b3c5147e07/go.mod h1:FbXpUxsx5in7z/OrWFDdhYetOy3/VGIJsVHN9G7RUPA=
github.com/toolkits/net v0.0.0-20160910085801-3f39ab6fe3ce h1:XrGffRW+HbN/I45pd25GK3z419YAlHrgTljrQt/ogxk=
github.com/toolkits/net v0.0.0-20160910085801-3f39ab6fe3ce/go.mod h1:6zuR3YGQf7EoHAyqA7EayVehUiQm1ZdGJ2PslJ9Xgls=
github.com/toolkits/sys v0.0.0-20170615103026-1f33b217ffaf h1:1/LnhAvvotcSWDl1ntwUePzLXcyHjAzZ0Ih0F+kKGZU=
github.com/toolkits/sys v0.0.0-20170615103026-1f33b217ffaf/go.mod h1:GejnAYmB2Pr/2fWKp7OGdd6MzuXvRwClmdQAnvnr++I=
